
Microsoft Visual Studio Solution File, Format Version 12.00
# Visual Studio 15
VisualStudioVersion = 15.0.27004.2002
MinimumVisualStudioVersion = 10.0.40219.1
Project("{FAE04EC0-301F-11D3-BF4B-00C04F79EFBC}") = "PortableLibs", "PortableLibs\PortableLibs.csproj", "{88A2F086-86F8-46EA-B6BF-201533471B26}"
EndProject
Project("{FAE04EC0-301F-11D3-BF4B-00C04F79EFBC}") = "AndroidLibs", "AndroidLibs\AndroidLibs.csproj", "{0E728C8B-E12D-47AE-ADAE-1A1F31B9A86B}"
EndProject
Global
	GlobalSection(SolutionConfigurationPlatforms) = preSolution
		Debug|Any CPU = Debug|Any CPU
		Release|Any CPU = Release|Any CPU
	EndGlobalSection
	GlobalSection(ProjectConfigurationPlatforms) = postSolution
		{88A2F086-86F8-46EA-B6BF-201533471B26}.Debug|Any CPU.ActiveCfg = Debug|Any CPU
		{88A2F086-86F8-46EA-B6BF-201533471B26}.Debug|Any CPU.Build.0 = Debug|Any CPU
		{88A2F086-86F8-46EA-B6BF-201533471B26}.Release|Any CPU.ActiveCfg = Release|Any CPU
		{88A2F086-86F8-46EA-B6BF-201533471B26}.Release|Any CPU.Build.0 = Release|Any CPU
		{0E728C8B-E12D-47AE-ADAE-1A1F31B9A86B}.Debug|Any CPU.ActiveCfg = Debug|Any CPU
		{0E728C8B-E12D-47AE-ADAE-1A1F31B9A86B}.Debug|Any CPU.Build.0 = Debug|Any CPU
		{0E728C8B-E12D-47AE-ADAE-1A1F31B9A86B}.Debug|Any CPU.Deploy.0 = Debug|Any CPU
		{0E728C8B-E12D-47AE-ADAE-1A1F31B9A86B}.Release|Any CPU.ActiveCfg = Release|Any CPU
		{0E728C8B-E12D-47AE-ADAE-1A1F31B9A86B}.Release|Any CPU.Build.0 = Release|Any CPU
		{0E728C8B-E12D-47AE-ADAE-1A1F31B9A86B}.Release|Any CPU.Deploy.0 = Release|Any CPU
	EndGlobalSection
	GlobalSection(SolutionProperties) = preSolution
		HideSolutionNode = FALSE
	EndGlobalSection
	GlobalSection(ExtensibilityGlobals) = postSolution
		SolutionGuid = {07FBF3A5-3948-4D1F-A515-5E91C3706E19}
	EndGlobalSection
	GlobalSection(TeamFoundationVersionControl) = preSolution
		SccNumberOfProjects = 3
		SccEnterpriseProvider = {4CA58AB2-18FA-4F8D-95D4-32DDF27D184C}
		SccTeamFoundationServer = https://if7code.visualstudio.com/
		SccLocalPath0 = .
		SccProjectUniqueName1 = AndroidLibs\\AndroidLibs.csproj
		SccProjectName1 = AndroidLibs
		SccLocalPath1 = AndroidLibs
		SccProjectUniqueName2 = PortableLibs\\PortableLibs.csproj
		SccProjectName2 = PortableLibs
		SccLocalPath2 = PortableLibs
	EndGlobalSection
EndGlobal
